// !$*UTF8*$!
{
	archiveVersion = 1;
	classes = {
	};
	objectVersion = 56;
	objects = {

/* Begin PBXBuildFile section */
		03198BD92A4F735400955FF7 /* SingleImageViewController.swift in Sources */ = {isa = PBXBuildFile; fileRef = 03198BD82A4F735400955FF7 /* SingleImageViewController.swift */; };
		03198BDD2A57EE5800955FF7 /* Extensions.swift in Sources */ = {isa = PBXBuildFile; fileRef = 03198BDC2A57EE5800955FF7 /* Extensions.swift */; };
		03198BE12A5848E400955FF7 /* NavigationController.swift in Sources */ = {isa = PBXBuildFile; fileRef = 03198BE02A5848E400955FF7 /* NavigationController.swift */; };
		03198BE32A5C121C00955FF7 /* Constants.swift in Sources */ = {isa = PBXBuildFile; fileRef = 03198BE22A5C121C00955FF7 /* Constants.swift */; };
		03198BE72A5F42D500955FF7 /* AuthViewController.swift in Sources */ = {isa = PBXBuildFile; fileRef = 03198BE62A5F42D500955FF7 /* AuthViewController.swift */; };
		03198BEA2A5F4A0C00955FF7 /* WebViewViewController.swift in Sources */ = {isa = PBXBuildFile; fileRef = 03198BE92A5F4A0C00955FF7 /* WebViewViewController.swift */; };
		03198BEE2A6683F600955FF7 /* OAuth2Service.swift in Sources */ = {isa = PBXBuildFile; fileRef = 03198BED2A6683F600955FF7 /* OAuth2Service.swift */; };
		03198BF02A668AE700955FF7 /* OAuth2TokenStorage.swift in Sources */ = {isa = PBXBuildFile; fileRef = 03198BEF2A668AE700955FF7 /* OAuth2TokenStorage.swift */; };
		03198BF22A672CB600955FF7 /* SplashViewController.swift in Sources */ = {isa = PBXBuildFile; fileRef = 03198BF12A672CB600955FF7 /* SplashViewController.swift */; };
		03198BF72A6BE41D00955FF7 /* ProgressHUD in Frameworks */ = {isa = PBXBuildFile; productRef = 03198BF62A6BE41D00955FF7 /* ProgressHUD */; };
		03198BF92A77BCF800955FF7 /* UIBlockingProgressHUD.swift in Sources */ = {isa = PBXBuildFile; fileRef = 03198BF82A77BCF800955FF7 /* UIBlockingProgressHUD.swift */; };
		03198BFB2A799BD400955FF7 /* ProfileService.swift in Sources */ = {isa = PBXBuildFile; fileRef = 03198BFA2A799BD400955FF7 /* ProfileService.swift */; };
		03198BFD2A7A668500955FF7 /* ProfileStructures.swift in Sources */ = {isa = PBXBuildFile; fileRef = 03198BFC2A7A668500955FF7 /* ProfileStructures.swift */; };
		03198BFF2A7EDCE800955FF7 /* ProfileImageService.swift in Sources */ = {isa = PBXBuildFile; fileRef = 03198BFE2A7EDCE800955FF7 /* ProfileImageService.swift */; };
		034EBF282A2FAA63003073E0 /* AppDelegate.swift in Sources */ = {isa = PBXBuildFile; fileRef = 034EBF272A2FAA63003073E0 /* AppDelegate.swift */; };
		034EBF2A2A2FAA63003073E0 /* SceneDelegate.swift in Sources */ = {isa = PBXBuildFile; fileRef = 034EBF292A2FAA63003073E0 /* SceneDelegate.swift */; };
		034EBF2C2A2FAA63003073E0 /* ImagesListViewController.swift in Sources */ = {isa = PBXBuildFile; fileRef = 034EBF2B2A2FAA63003073E0 /* ImagesListViewController.swift */; };
		034EBF2F2A2FAA63003073E0 /* Main.storyboard in Resources */ = {isa = PBXBuildFile; fileRef = 034EBF2D2A2FAA63003073E0 /* Main.storyboard */; };
		034EBF312A2FAA64003073E0 /* Assets.xcassets in Resources */ = {isa = PBXBuildFile; fileRef = 034EBF302A2FAA64003073E0 /* Assets.xcassets */; };
		034EBF342A2FAA64003073E0 /* LaunchScreen.storyboard in Resources */ = {isa = PBXBuildFile; fileRef = 034EBF322A2FAA64003073E0 /* LaunchScreen.storyboard */; };
		036A9CD22A3F151A004C1D99 /* ProfileViewController.swift in Sources */ = {isa = PBXBuildFile; fileRef = 036A9CD12A3F151A004C1D99 /* ProfileViewController.swift */; };
		036C681F2A82D9A200A38E69 /* Kingfisher in Frameworks */ = {isa = PBXBuildFile; productRef = 036C681E2A82D9A200A38E69 /* Kingfisher */; };
		038D727F2A33B73800133FE0 /* ImagesListCell.swift in Sources */ = {isa = PBXBuildFile; fileRef = 038D727E2A33B73800133FE0 /* ImagesListCell.swift */; };
/* End PBXBuildFile section */

/* Begin PBXFileReference section */
		03198BD82A4F735400955FF7 /* SingleImageViewController.swift */ = {isa = PBXFileReference; lastKnownFileType = sourcecode.swift; path = SingleImageViewController.swift; sourceTree = "<group>"; };
		03198BDC2A57EE5800955FF7 /* Extensions.swift */ = {isa = PBXFileReference; lastKnownFileType = sourcecode.swift; path = Extensions.swift; sourceTree = "<group>"; };
		03198BE02A5848E400955FF7 /* NavigationController.swift */ = {isa = PBXFileReference; lastKnownFileType = sourcecode.swift; path = NavigationController.swift; sourceTree = "<group>"; };
		03198BE22A5C121C00955FF7 /* Constants.swift */ = {isa = PBXFileReference; lastKnownFileType = sourcecode.swift; path = Constants.swift; sourceTree = "<group>"; };
		03198BE62A5F42D500955FF7 /* AuthViewController.swift */ = {isa = PBXFileReference; lastKnownFileType = sourcecode.swift; path = AuthViewController.swift; sourceTree = "<group>"; };
		03198BE92A5F4A0C00955FF7 /* WebViewViewController.swift */ = {isa = PBXFileReference; lastKnownFileType = sourcecode.swift; path = WebViewViewController.swift; sourceTree = "<group>"; };
		03198BED2A6683F600955FF7 /* OAuth2Service.swift */ = {isa = PBXFileReference; lastKnownFileType = sourcecode.swift; path = OAuth2Service.swift; sourceTree = "<group>"; };
		03198BEF2A668AE700955FF7 /* OAuth2TokenStorage.swift */ = {isa = PBXFileReference; lastKnownFileType = sourcecode.swift; path = OAuth2TokenStorage.swift; sourceTree = "<group>"; };
		03198BF12A672CB600955FF7 /* SplashViewController.swift */ = {isa = PBXFileReference; lastKnownFileType = sourcecode.swift; path = SplashViewController.swift; sourceTree = "<group>"; };
		03198BF82A77BCF800955FF7 /* UIBlockingProgressHUD.swift */ = {isa = PBXFileReference; lastKnownFileType = sourcecode.swift; path = UIBlockingProgressHUD.swift; sourceTree = "<group>"; };
		03198BFA2A799BD400955FF7 /* ProfileService.swift */ = {isa = PBXFileReference; lastKnownFileType = sourcecode.swift; path = ProfileService.swift; sourceTree = "<group>"; };
		03198BFC2A7A668500955FF7 /* ProfileStructures.swift */ = {isa = PBXFileReference; lastKnownFileType = sourcecode.swift; path = ProfileStructures.swift; sourceTree = "<group>"; };
		03198BFE2A7EDCE800955FF7 /* ProfileImageService.swift */ = {isa = PBXFileReference; lastKnownFileType = sourcecode.swift; path = ProfileImageService.swift; sourceTree = "<group>"; };
		034EBF242A2FAA63003073E0 /* ImageFeed.app */ = {isa = PBXFileReference; explicitFileType = wrapper.application; includeInIndex = 0; path = ImageFeed.app; sourceTree = BUILT_PRODUCTS_DIR; };
		034EBF272A2FAA63003073E0 /* AppDelegate.swift */ = {isa = PBXFileReference; lastKnownFileType = sourcecode.swift; path = AppDelegate.swift; sourceTree = "<group>"; };
		034EBF292A2FAA63003073E0 /* SceneDelegate.swift */ = {isa = PBXFileReference; lastKnownFileType = sourcecode.swift; path = SceneDelegate.swift; sourceTree = "<group>"; };
		034EBF2B2A2FAA63003073E0 /* ImagesListViewController.swift */ = {isa = PBXFileReference; lastKnownFileType = sourcecode.swift; path = ImagesListViewController.swift; sourceTree = "<group>"; };
		034EBF2E2A2FAA63003073E0 /* Base */ = {isa = PBXFileReference; lastKnownFileType = file.storyboard; name = Base; path = Base.lproj/Main.storyboard; sourceTree = "<group>"; };
		034EBF302A2FAA64003073E0 /* Assets.xcassets */ = {isa = PBXFileReference; lastKnownFileType = folder.assetcatalog; path = Assets.xcassets; sourceTree = "<group>"; };
		034EBF332A2FAA64003073E0 /* Base */ = {isa = PBXFileReference; lastKnownFileType = file.storyboard; name = Base; path = Base.lproj/LaunchScreen.storyboard; sourceTree = "<group>"; };
		034EBF352A2FAA64003073E0 /* Info.plist */ = {isa = PBXFileReference; lastKnownFileType = text.plist.xml; path = Info.plist; sourceTree = "<group>"; };
		036A9CD12A3F151A004C1D99 /* ProfileViewController.swift */ = {isa = PBXFileReference; lastKnownFileType = sourcecode.swift; path = ProfileViewController.swift; sourceTree = "<group>"; };
		038D727E2A33B73800133FE0 /* ImagesListCell.swift */ = {isa = PBXFileReference; lastKnownFileType = sourcecode.swift; path = ImagesListCell.swift; sourceTree = "<group>"; };
/* End PBXFileReference section */

/* Begin PBXFrameworksBuildPhase section */
		034EBF212A2FAA63003073E0 /* Frameworks */ = {
			isa = PBXFrameworksBuildPhase;
			buildActionMask = 2147483647;
			files = (
				036C681F2A82D9A200A38E69 /* Kingfisher in Frameworks */,
				03198BF72A6BE41D00955FF7 /* ProgressHUD in Frameworks */,
			);
			runOnlyForDeploymentPostprocessing = 0;
		};
/* End PBXFrameworksBuildPhase section */

/* Begin PBXGroup section */
		03198BDA2A5551D100955FF7 /* SingeImage */ = {
			isa = PBXGroup;
			children = (
				03198BD82A4F735400955FF7 /* SingleImageViewController.swift */,
			);
			path = SingeImage;
			sourceTree = "<group>";
		};
		03198BE82A5F45E900955FF7 /* Auth */ = {
			isa = PBXGroup;
			children = (
				03198BE62A5F42D500955FF7 /* AuthViewController.swift */,
				03198BE92A5F4A0C00955FF7 /* WebViewViewController.swift */,
			);
			path = Auth;
			sourceTree = "<group>";
		};
		03198BF32A67346800955FF7 /* OAuth2 */ = {
			isa = PBXGroup;
			children = (
				03198BED2A6683F600955FF7 /* OAuth2Service.swift */,
				03198BEF2A668AE700955FF7 /* OAuth2TokenStorage.swift */,
			);
			path = OAuth2;
			sourceTree = "<group>";
		};
		03198BF42A6734D200955FF7 /* SplashViewController */ = {
			isa = PBXGroup;
			children = (
				03198BF12A672CB600955FF7 /* SplashViewController.swift */,
			);
			path = SplashViewController;
			sourceTree = "<group>";
		};
		034EBF1B2A2FAA63003073E0 = {
			isa = PBXGroup;
			children = (
				034EBF262A2FAA63003073E0 /* ImageFeed */,
				034EBF252A2FAA63003073E0 /* Products */,
			);
			sourceTree = "<group>";
		};
		034EBF252A2FAA63003073E0 /* Products */ = {
			isa = PBXGroup;
			children = (
				034EBF242A2FAA63003073E0 /* ImageFeed.app */,
			);
			name = Products;
			sourceTree = "<group>";
		};
		034EBF262A2FAA63003073E0 /* ImageFeed */ = {
			isa = PBXGroup;
			children = (
				03198BE02A5848E400955FF7 /* NavigationController.swift */,
				034EBF272A2FAA63003073E0 /* AppDelegate.swift */,
				03198BF82A77BCF800955FF7 /* UIBlockingProgressHUD.swift */,
				034EBF292A2FAA63003073E0 /* SceneDelegate.swift */,
				03198BDC2A57EE5800955FF7 /* Extensions.swift */,
				03198BE22A5C121C00955FF7 /* Constants.swift */,
				03198BF32A67346800955FF7 /* OAuth2 */,
				03198BE82A5F45E900955FF7 /* Auth */,
				03198BF42A6734D200955FF7 /* SplashViewController */,
				036A9CD02A3F1500004C1D99 /* Profile */,
				038D72802A33B76400133FE0 /* ImagesList */,
				03198BDA2A5551D100955FF7 /* SingeImage */,
				034EBF2D2A2FAA63003073E0 /* Main.storyboard */,
				034EBF302A2FAA64003073E0 /* Assets.xcassets */,
				034EBF322A2FAA64003073E0 /* LaunchScreen.storyboard */,
				034EBF352A2FAA64003073E0 /* Info.plist */,
			);
			path = ImageFeed;
			sourceTree = "<group>";
		};
		036A9CD02A3F1500004C1D99 /* Profile */ = {
			isa = PBXGroup;
			children = (
				036A9CD12A3F151A004C1D99 /* ProfileViewController.swift */,
				03198BFA2A799BD400955FF7 /* ProfileService.swift */,
				03198BFC2A7A668500955FF7 /* ProfileStructures.swift */,
				03198BFE2A7EDCE800955FF7 /* ProfileImageService.swift */,
			);
			path = Profile;
			sourceTree = "<group>";
		};
		038D72802A33B76400133FE0 /* ImagesList */ = {
			isa = PBXGroup;
			children = (
				034EBF2B2A2FAA63003073E0 /* ImagesListViewController.swift */,
				038D727E2A33B73800133FE0 /* ImagesListCell.swift */,
			);
			path = ImagesList;
			sourceTree = "<group>";
		};
/* End PBXGroup section */

/* Begin PBXNativeTarget section */
		034EBF232A2FAA63003073E0 /* ImageFeed */ = {
			isa = PBXNativeTarget;
			buildConfigurationList = 034EBF382A2FAA64003073E0 /* Build configuration list for PBXNativeTarget "ImageFeed" */;
			buildPhases = (
				034EBF202A2FAA63003073E0 /* Sources */,
				034EBF212A2FAA63003073E0 /* Frameworks */,
				034EBF222A2FAA63003073E0 /* Resources */,
			);
			buildRules = (
			);
			dependencies = (
			);
			name = ImageFeed;
			packageProductDependencies = (
				03198BF62A6BE41D00955FF7 /* ProgressHUD */,
				036C681E2A82D9A200A38E69 /* Kingfisher */,
			);
			productName = ImageFeed;
			productReference = 034EBF242A2FAA63003073E0 /* ImageFeed.app */;
			productType = "com.apple.product-type.application";
		};
/* End PBXNativeTarget section */

/* Begin PBXProject section */
		034EBF1C2A2FAA63003073E0 /* Project object */ = {
			isa = PBXProject;
			attributes = {
				BuildIndependentTargetsInParallel = 1;
				LastSwiftUpdateCheck = 1430;
				LastUpgradeCheck = 1430;
				TargetAttributes = {
					034EBF232A2FAA63003073E0 = {
						CreatedOnToolsVersion = 14.3;
					};
				};
			};
			buildConfigurationList = 034EBF1F2A2FAA63003073E0 /* Build configuration list for PBXProject "ImageFeed" */;
			compatibilityVersion = "Xcode 14.0";
			developmentRegion = en;
			hasScannedForEncodings = 0;
			knownRegions = (
				en,
				Base,
			);
			mainGroup = 034EBF1B2A2FAA63003073E0;
			packageReferences = (
				03198BF52A6BE41D00955FF7 /* XCRemoteSwiftPackageReference "ProgressHUD" */,
				036C681D2A82D9A200A38E69 /* XCRemoteSwiftPackageReference "Kingfisher" */,
			);
			productRefGroup = 034EBF252A2FAA63003073E0 /* Products */;
			projectDirPath = "";
			projectRoot = "";
			targets = (
				034EBF232A2FAA63003073E0 /* ImageFeed */,
			);
		};
/* End PBXProject section */

/* Begin PBXResourcesBuildPhase section */
		034EBF222A2FAA63003073E0 /* Resources */ = {
			isa = PBXResourcesBuildPhase;
			buildActionMask = 2147483647;
			files = (
				034EBF342A2FAA64003073E0 /* LaunchScreen.storyboard in Resources */,
				034EBF312A2FAA64003073E0 /* Assets.xcassets in Resources */,
				034EBF2F2A2FAA63003073E0 /* Main.storyboard in Resources */,
			);
			runOnlyForDeploymentPostprocessing = 0;
		};
/* End PBXResourcesBuildPhase section */

/* Begin PBXSourcesBuildPhase section */
		034EBF202A2FAA63003073E0 /* Sources */ = {
			isa = PBXSourcesBuildPhase;
			buildActionMask = 2147483647;
			files = (
				034EBF2C2A2FAA63003073E0 /* ImagesListViewController.swift in Sources */,
				03198BFB2A799BD400955FF7 /* ProfileService.swift in Sources */,
				03198BE12A5848E400955FF7 /* NavigationController.swift in Sources */,
				03198BEE2A6683F600955FF7 /* OAuth2Service.swift in Sources */,
				038D727F2A33B73800133FE0 /* ImagesListCell.swift in Sources */,
				036A9CD22A3F151A004C1D99 /* ProfileViewController.swift in Sources */,
				03198BEA2A5F4A0C00955FF7 /* WebViewViewController.swift in Sources */,
				03198BF02A668AE700955FF7 /* OAuth2TokenStorage.swift in Sources */,
				034EBF282A2FAA63003073E0 /* AppDelegate.swift in Sources */,
				03198BF92A77BCF800955FF7 /* UIBlockingProgressHUD.swift in Sources */,
				03198BFD2A7A668500955FF7 /* ProfileStructures.swift in Sources */,
				03198BD92A4F735400955FF7 /* SingleImageViewController.swift in Sources */,
				03198BF22A672CB600955FF7 /* SplashViewController.swift in Sources */,
				034EBF2A2A2FAA63003073E0 /* SceneDelegate.swift in Sources */,
				03198BDD2A57EE5800955FF7 /* Extensions.swift in Sources */,
				03198BFF2A7EDCE800955FF7 /* ProfileImageService.swift in Sources */,
				03198BE72A5F42D500955FF7 /* AuthViewController.swift in Sources */,
				03198BE32A5C121C00955FF7 /* Constants.swift in Sources */,
			);
			runOnlyForDeploymentPostprocessing = 0;
		};
/* End PBXSourcesBuildPhase section */

/* Begin PBXVariantGroup section */
		034EBF2D2A2FAA63003073E0 /* Main.storyboard */ = {
			isa = PBXVariantGroup;
			children = (
				034EBF2E2A2FAA63003073E0 /* Base */,
			);
			name = Main.storyboard;
			sourceTree = "<group>";
		};
		034EBF322A2FAA64003073E0 /* LaunchScreen.storyboard */ = {
			isa = PBXVariantGroup;
			children = (
				034EBF332A2FAA64003073E0 /* Base */,
			);
			name = LaunchScreen.storyboard;
			sourceTree = "<group>";
		};
/* End PBXVariantGroup section */

/* Begin XCBuildConfiguration section */
		034EBF362A2FAA64003073E0 /* Debug */ = {
			isa = XCBuildConfiguration;
			buildSettings = {
				ALWAYS_SEARCH_USER_PATHS = NO;
				CLANG_ANALYZER_NONNULL = YES;
				CLANG_ANALYZER_NUMBER_OBJECT_CONVERSION = YES_AGGRESSIVE;
				CLANG_CXX_LANGUAGE_STANDARD = "gnu++20";
				CLANG_ENABLE_MODULES = YES;
				CLANG_ENABLE_OBJC_ARC = YES;
				CLANG_ENABLE_OBJC_WEAK = YES;
				CLANG_WARN_BLOCK_CAPTURE_AUTORELEASING = YES;
				CLANG_WARN_BOOL_CONVERSION = YES;
				CLANG_WARN_COMMA = YES;
				CLANG_WARN_CONSTANT_CONVERSION = YES;
				CLANG_WARN_DEPRECATED_OBJC_IMPLEMENTATIONS = YES;
				CLANG_WARN_DIRECT_OBJC_ISA_USAGE = YES_ERROR;
				CLANG_WARN_DOCUMENTATION_COMMENTS = YES;
				CLANG_WARN_EMPTY_BODY = YES;
				CLANG_WARN_ENUM_CONVERSION = YES;
				CLANG_WARN_INFINITE_RECURSION = YES;
				CLANG_WARN_INT_CONVERSION = YES;
				CLANG_WARN_NON_LITERAL_NULL_CONVERSION = YES;
				CLANG_WARN_OBJC_IMPLICIT_RETAIN_SELF = YES;
				CLANG_WARN_OBJC_LITERAL_CONVERSION = YES;
				CLANG_WARN_OBJC_ROOT_CLASS = YES_ERROR;
				CLANG_WARN_QUOTED_INCLUDE_IN_FRAMEWORK_HEADER = YES;
				CLANG_WARN_RANGE_LOOP_ANALYSIS = YES;
				CLANG_WARN_STRICT_PROTOTYPES = YES;
				CLANG_WARN_SUSPICIOUS_MOVE = YES;
				CLANG_WARN_UNGUARDED_AVAILABILITY = YES_AGGRESSIVE;
				CLANG_WARN_UNREACHABLE_CODE = YES;
				CLANG_WARN__DUPLICATE_METHOD_MATCH = YES;
				COPY_PHASE_STRIP = NO;
				DEBUG_INFORMATION_FORMAT = dwarf;
				ENABLE_STRICT_OBJC_MSGSEND = YES;
				ENABLE_TESTABILITY = YES;
				GCC_C_LANGUAGE_STANDARD = gnu11;
				GCC_DYNAMIC_NO_PIC = NO;
				GCC_NO_COMMON_BLOCKS = YES;
				GCC_OPTIMIZATION_LEVEL = 0;
				GCC_PREPROCESSOR_DEFINITIONS = (
					"DEBUG=1",
					"$(inherited)",
				);
				GCC_WARN_64_TO_32_BIT_CONVERSION = YES;
				GCC_WARN_ABOUT_RETURN_TYPE = YES_ERROR;
				GCC_WARN_UNDECLARED_SELECTOR = YES;
				GCC_WARN_UNINITIALIZED_AUTOS = YES_AGGRESSIVE;
				GCC_WARN_UNUSED_FUNCTION = YES;
				GCC_WARN_UNUSED_VARIABLE = YES;
				IPHONEOS_DEPLOYMENT_TARGET = 16.4;
				MTL_ENABLE_DEBUG_INFO = INCLUDE_SOURCE;
				MTL_FAST_MATH = YES;
				ONLY_ACTIVE_ARCH = YES;
				SDKROOT = iphoneos;
				SWIFT_ACTIVE_COMPILATION_CONDITIONS = DEBUG;
				SWIFT_OPTIMIZATION_LEVEL = "-Onone";
			};
			name = Debug;
		};
		034EBF372A2FAA64003073E0 /* Release */ = {
			isa = XCBuildConfiguration;
			buildSettings = {
				ALWAYS_SEARCH_USER_PATHS = NO;
				CLANG_ANALYZER_NONNULL = YES;
				CLANG_ANALYZER_NUMBER_OBJECT_CONVERSION = YES_AGGRESSIVE;
				CLANG_CXX_LANGUAGE_STANDARD = "gnu++20";
				CLANG_ENABLE_MODULES = YES;
				CLANG_ENABLE_OBJC_ARC = YES;
				CLANG_ENABLE_OBJC_WEAK = YES;
				CLANG_WARN_BLOCK_CAPTURE_AUTORELEASING = YES;
				CLANG_WARN_BOOL_CONVERSION = YES;
				CLANG_WARN_COMMA = YES;
				CLANG_WARN_CONSTANT_CONVERSION = YES;
				CLANG_WARN_DEPRECATED_OBJC_IMPLEMENTATIONS = YES;
				CLANG_WARN_DIRECT_OBJC_ISA_USAGE = YES_ERROR;
				CLANG_WARN_DOCUMENTATION_COMMENTS = YES;
				CLANG_WARN_EMPTY_BODY = YES;
				CLANG_WARN_ENUM_CONVERSION = YES;
				CLANG_WARN_INFINITE_RECURSION = YES;
				CLANG_WARN_INT_CONVERSION = YES;
				CLANG_WARN_NON_LITERAL_NULL_CONVERSION = YES;
				CLANG_WARN_OBJC_IMPLICIT_RETAIN_SELF = YES;
				CLANG_WARN_OBJC_LITERAL_CONVERSION = YES;
				CLANG_WARN_OBJC_ROOT_CLASS = YES_ERROR;
				CLANG_WARN_QUOTED_INCLUDE_IN_FRAMEWORK_HEADER = YES;
				CLANG_WARN_RANGE_LOOP_ANALYSIS = YES;
				CLANG_WARN_STRICT_PROTOTYPES = YES;
				CLANG_WARN_SUSPICIOUS_MOVE = YES;
				CLANG_WARN_UNGUARDED_AVAILABILITY = YES_AGGRESSIVE;
				CLANG_WARN_UNREACHABLE_CODE = YES;
				CLANG_WARN__DUPLICATE_METHOD_MATCH = YES;
				COPY_PHASE_STRIP = NO;
				DEBUG_INFORMATION_FORMAT = "dwarf-with-dsym";
				ENABLE_NS_ASSERTIONS = NO;
				ENABLE_STRICT_OBJC_MSGSEND = YES;
				GCC_C_LANGUAGE_STANDARD = gnu11;
				GCC_NO_COMMON_BLOCKS = YES;
				GCC_WARN_64_TO_32_BIT_CONVERSION = YES;
				GCC_WARN_ABOUT_RETURN_TYPE = YES_ERROR;
				GCC_WARN_UNDECLARED_SELECTOR = YES;
				GCC_WARN_UNINITIALIZED_AUTOS = YES_AGGRESSIVE;
				GCC_WARN_UNUSED_FUNCTION = YES;
				GCC_WARN_UNUSED_VARIABLE = YES;
				IPHONEOS_DEPLOYMENT_TARGET = 16.4;
				MTL_ENABLE_DEBUG_INFO = NO;
				MTL_FAST_MATH = YES;
				SDKROOT = iphoneos;
				SWIFT_COMPILATION_MODE = wholemodule;
				SWIFT_OPTIMIZATION_LEVEL = "-O";
				VALIDATE_PRODUCT = YES;
			};
			name = Release;
		};
		034EBF392A2FAA64003073E0 /* Debug */ = {
			isa = XCBuildConfiguration;
			buildSettings = {
				ASSETCATALOG_COMPILER_APPICON_NAME = AppIcon;
				ASSETCATALOG_COMPILER_GLOBAL_ACCENT_COLOR_NAME = AccentColor;
				CODE_SIGN_STYLE = Automatic;
				CURRENT_PROJECT_VERSION = 1;
				DEVELOPMENT_TEAM = HJ82T4T82Z;
				GENERATE_INFOPLIST_FILE = YES;
				INFOPLIST_FILE = ImageFeed/Info.plist;
				INFOPLIST_KEY_UIApplicationSupportsIndirectInputEvents = YES;
				INFOPLIST_KEY_UILaunchStoryboardName = LaunchScreen;
				INFOPLIST_KEY_UIMainStoryboardFile = Main;
				INFOPLIST_KEY_UIStatusBarStyle = UIStatusBarStyleLightContent;
				INFOPLIST_KEY_UISupportedInterfaceOrientations = UIInterfaceOrientationPortrait;
				INFOPLIST_KEY_UISupportedInterfaceOrientations_iPad = "UIInterfaceOrientationLandscapeLeft UIInterfaceOrientationLandscapeRight";
				IPHONEOS_DEPLOYMENT_TARGET = 13.0;
				LD_RUNPATH_SEARCH_PATHS = (
					"$(inherited)",
					"@executable_path/Frameworks",
				);
				MARKETING_VERSION = 1.0;
				PRODUCT_BUNDLE_IDENTIFIER = ru.aadadametov.ImageFeed;
				PRODUCT_NAME = "$(TARGET_NAME)";
				SUPPORTED_PLATFORMS = "iphoneos iphonesimulator";
				SUPPORTS_MACCATALYST = NO;
				SUPPORTS_MAC_DESIGNED_FOR_IPHONE_IPAD = YES;
				SWIFT_EMIT_LOC_STRINGS = YES;
				SWIFT_VERSION = 5.0;
				TARGETED_DEVICE_FAMILY = 1;
			};
			name = Debug;
		};
		034EBF3A2A2FAA64003073E0 /* Release */ = {
			isa = XCBuildConfiguration;
			buildSettings = {
				ASSETCATALOG_COMPILER_APPICON_NAME = AppIcon;
				ASSETCATALOG_COMPILER_GLOBAL_ACCENT_COLOR_NAME = AccentColor;
				CODE_SIGN_STYLE = Automatic;
				CURRENT_PROJECT_VERSION = 1;
				DEVELOPMENT_TEAM = HJ82T4T82Z;
				GENERATE_INFOPLIST_FILE = YES;
				INFOPLIST_FILE = ImageFeed/Info.plist;
				INFOPLIST_KEY_UIApplicationSupportsIndirectInputEvents = YES;
				INFOPLIST_KEY_UILaunchStoryboardName = LaunchScreen;
				INFOPLIST_KEY_UIMainStoryboardFile = Main;
				INFOPLIST_KEY_UIStatusBarStyle = UIStatusBarStyleLightContent;
				INFOPLIST_KEY_UISupportedInterfaceOrientations = UIInterfaceOrientationPortrait;
				INFOPLIST_KEY_UISupportedInterfaceOrientations_iPad = "UIInterfaceOrientationLandscapeLeft UIInterfaceOrientationLandscapeRight";
				IPHONEOS_DEPLOYMENT_TARGET = 13.0;
				LD_RUNPATH_SEARCH_PATHS = (
					"$(inherited)",
					"@executable_path/Frameworks",
				);
				MARKETING_VERSION = 1.0;
				PRODUCT_BUNDLE_IDENTIFIER = ru.aadadametov.ImageFeed;
				PRODUCT_NAME = "$(TARGET_NAME)";
				SUPPORTED_PLATFORMS = "iphoneos iphonesimulator";
				SUPPORTS_MACCATALYST = NO;
				SUPPORTS_MAC_DESIGNED_FOR_IPHONE_IPAD = YES;
				SWIFT_EMIT_LOC_STRINGS = YES;
				SWIFT_VERSION = 5.0;
				TARGETED_DEVICE_FAMILY = 1;
			};
			name = Release;
		};
/* End XCBuildConfiguration section */

/* Begin XCConfigurationList section */
		034EBF1F2A2FAA63003073E0 /* Build configuration list for PBXProject "ImageFeed" */ = {
			isa = XCConfigurationList;
			buildConfigurations = (
				034EBF362A2FAA64003073E0 /* Debug */,
				034EBF372A2FAA64003073E0 /* Release */,
			);
			defaultConfigurationIsVisible = 0;
			defaultConfigurationName = Release;
		};
		034EBF382A2FAA64003073E0 /* Build configuration list for PBXNativeTarget "ImageFeed" */ = {
			isa = XCConfigurationList;
			buildConfigurations = (
				034EBF392A2FAA64003073E0 /* Debug */,
				034EBF3A2A2FAA64003073E0 /* Release */,
			);
			defaultConfigurationIsVisible = 0;
			defaultConfigurationName = Release;
		};
/* End XCConfigurationList section */

/* Begin XCRemoteSwiftPackageReference section */
		03198BF52A6BE41D00955FF7 /* XCRemoteSwiftPackageReference "ProgressHUD" */ = {
			isa = XCRemoteSwiftPackageReference;
			repositoryURL = "https://github.com/relatedcode/ProgressHUD";
			requirement = {
				kind = exactVersion;
				version = 13.7.2;
			};
		};
		036C681D2A82D9A200A38E69 /* XCRemoteSwiftPackageReference "Kingfisher" */ = {
			isa = XCRemoteSwiftPackageReference;
			repositoryURL = "https://github.com/onevcat/Kingfisher.git";
			requirement = {
				kind = exactVersion;
				version = 7.9.0;
			};
		};
/* End XCRemoteSwiftPackageReference section */

/* Begin XCSwiftPackageProductDependency section */
		03198BF62A6BE41D00955FF7 /* ProgressHUD */ = {
			isa = XCSwiftPackageProductDependency;
			package = 03198BF52A6BE41D00955FF7 /* XCRemoteSwiftPackageReference "ProgressHUD" */;
			productName = ProgressHUD;
		};
		036C681E2A82D9A200A38E69 /* Kingfisher */ = {
			isa = XCSwiftPackageProductDependency;
			package = 036C681D2A82D9A200A38E69 /* XCRemoteSwiftPackageReference "Kingfisher" */;
			productName = Kingfisher;
		};
/* End XCSwiftPackageProductDependency section */
	};
	rootObject = 034EBF1C2A2FAA63003073E0 /* Project object */;
}
